
Microsoft Visual Studio Solution File, Format Version 12.00
# Visual Studio Version 16
VisualStudioVersion = 16.0.29009.5
MinimumVisualStudioVersion = 10.0.40219.1
Project("{FAE04EC0-301F-11D3-BF4B-00C04F79EFBC}") = "VideoPoker", "VideoPoker.csproj", "{2FB249D9-A052-4134-BCF5-1B7E547733DC}"
EndProject
Global
	GlobalSection(SolutionConfigurationPlatforms) = preSolution
		Debug|Any CPU = Debug|Any CPU
		Release|Any CPU = Release|Any CPU
	EndGlobalSection
	GlobalSection(ProjectConfigurationPlatforms) = postSolution
		{2FB249D9-A052-4134-BCF5-1B7E547733DC}.Debug|Any CPU.ActiveCfg = Debug|Any CPU
		{2FB249D9-A052-4134-BCF5-1B7E547733DC}.Debug|Any CPU.Build.0 = Debug|Any CPU
		{2FB249D9-A052-4134-BCF5-1B7E547733DC}.Release|Any CPU.ActiveCfg = Release|Any CPU
		{2FB249D9-A052-4134-BCF5-1B7E547733DC}.Release|Any CPU.Build.0 = Release|Any CPU
	EndGlobalSection
	GlobalSection(SolutionProperties) = preSolution
		HideSolutionNode = FALSE
	EndGlobalSection
	GlobalSection(ExtensibilityGlobals) = postSolution
		SolutionGuid = {5F85EA91-D8FF-4FA6-A6EF-77D980CA0228}
	EndGlobalSection
EndGlobal
